
Microsoft Visual Studio Solution File, Format Version 12.00
# Visual Studio Version 16
VisualStudioVersion = 16.0.30804.86
MinimumVisualStudioVersion = 10.0.40219.1
Project("{9A19103F-16F7-4668-BE54-9A1E7A4F7556}") = "Sample01", "Sample01\Sample01.csproj", "{6F02B2E5-12C7-424C-BE7B-539B90E53A64}"
EndProject
Project("{9A19103F-16F7-4668-BE54-9A1E7A4F7556}") = "ILGPU.OptiX", "..\Src\ILGPU.OptiX\ILGPU.OptiX.csproj", "{B519A4DB-AE5C-4EEF-8463-7EE40F063DE9}"
EndProject
Project("{9A19103F-16F7-4668-BE54-9A1E7A4F7556}") = "Sample02", "Sample02\Sample02.csproj", "{59BE30B0-C071-4DDE-BA9A-50B4A7CE6AD6}"
EndProject
Project("{9A19103F-16F7-4668-BE54-9A1E7A4F7556}") = "Sample03", "Sample03\Sample03.csproj", "{EF53BF72-34F6-4756-A217-7CBFBD52F3D4}"
EndProject
Project("{9A19103F-16F7-4668-BE54-9A1E7A4F7556}") = "Sample04", "Sample04\Sample04.csproj", "{5B8D29D0-6DBE-4851-9C94-9E3CE2D6F0D6}"
EndProject
Project("{FAE04EC0-301F-11D3-BF4B-00C04F79EFBC}") = "Sample05", "Sample05\Sample05.csproj", "{9092E9A7-7936-4A6F-ABC3-86947DF43640}"
EndProject
Project("{9A19103F-16F7-4668-BE54-9A1E7A4F7556}") = "Sample06", "Sample06\Sample06.csproj", "{2C1F7E4A-8B3D-4A6E-9C5F-1D7A3E9B4C2F}"
EndProject
Project("{9A19103F-16F7-4668-BE54-9A1E7A4F7556}") = "Sample07", "Sample07\Sample07.csproj", "{732B8292-0583-4C3B-8164-E6393C4550A0}"
EndProject
Project("{9A19103F-16F7-4668-BE54-9A1E7A4F7556}") = "Sample08", "Sample08\Sample08.csproj", "{AAAF7DCD-4AB9-4F2A-9AFA-D9096827BC6D}"
EndProject
Project("{9A19103F-16F7-4668-BE54-9A1E7A4F7556}") = "Sample10", "Sample10\Sample10.csproj", "{0AD0B20A-DD23-40D2-A449-3EE73B0FC6D6}"
EndProject
Project("{9A19103F-16F7-4668-BE54-9A1E7A4F7556}") = "Sample09", "Sample09\Sample09.csproj", "{4D4694A8-973C-43E1-B41E-50A4493436E8}"
EndProject
Project("{9A19103F-16F7-4668-BE54-9A1E7A4F7556}") = "Sample11", "Sample11\Sample11.csproj", "{15844DA1-1D7D-402D-A159-B09F6F781015}"
EndProject
Project("{9A19103F-16F7-4668-BE54-9A1E7A4F7556}") = "Sample12", "Sample12\Sample12.csproj", "{F9611691-59AF-453A-AA3B-7795A6294BE8}"
EndProject
Project("{9A19103F-16F7-4668-BE54-9A1E7A4F7556}") = "Sample13", "Sample13\Sample13.csproj", "{8D5EAE0C-32B8-43B7-B867-86BDB5F5B48D}"
EndProject
Project("{9A19103F-16F7-4668-BE54-9A1E7A4F7556}") = "Sample14", "Sample14\Sample14.csproj", "{0E1BE3A6-1521-4133-9A7E-A63DB15FCAC6}"
EndProject
Project("{9A19103F-16F7-4668-BE54-9A1E7A4F7556}") = "Sample15", "Sample15\Sample15.csproj", "{C9B69246-1755-4E96-A5EA-43C2BD59EB33}"
EndProject
Global
	GlobalSection(SolutionConfigurationPlatforms) = preSolution
		Debug|Any CPU = Debug|Any CPU
		Release|Any CPU = Release|Any CPU
	EndGlobalSection
	GlobalSection(ProjectConfigurationPlatforms) = postSolution
		{6F02B2E5-12C7-424C-BE7B-539B90E53A64}.Debug|Any CPU.ActiveCfg = Debug|Any CPU
		{6F02B2E5-12C7-424C-BE7B-539B90E53A64}.Debug|Any CPU.Build.0 = Debug|Any CPU
		{6F02B2E5-12C7-424C-BE7B-539B90E53A64}.Release|Any CPU.ActiveCfg = Release|Any CPU
		{6F02B2E5-12C7-424C-BE7B-539B90E53A64}.Release|Any CPU.Build.0 = Release|Any CPU
		{B519A4DB-AE5C-4EEF-8463-7EE40F063DE9}.Debug|Any CPU.ActiveCfg = Debug|Any CPU
		{B519A4DB-AE5C-4EEF-8463-7EE40F063DE9}.Debug|Any CPU.Build.0 = Debug|Any CPU
		{B519A4DB-AE5C-4EEF-8463-7EE40F063DE9}.Release|Any CPU.ActiveCfg = Release|Any CPU
		{B519A4DB-AE5C-4EEF-8463-7EE40F063DE9}.Release|Any CPU.Build.0 = Release|Any CPU
		{59BE30B0-C071-4DDE-BA9A-50B4A7CE6AD6}.Debug|Any CPU.ActiveCfg = Debug|Any CPU
		{59BE30B0-C071-4DDE-BA9A-50B4A7CE6AD6}.Debug|Any CPU.Build.0 = Debug|Any CPU
		{59BE30B0-C071-4DDE-BA9A-50B4A7CE6AD6}.Release|Any CPU.ActiveCfg = Release|Any CPU
		{59BE30B0-C071-4DDE-BA9A-50B4A7CE6AD6}.Release|Any CPU.Build.0 = Release|Any CPU
		{EF53BF72-34F6-4756-A217-7CBFBD52F3D4}.Debug|Any CPU.ActiveCfg = Debug|Any CPU
		{EF53BF72-34F6-4756-A217-7CBFBD52F3D4}.Debug|Any CPU.Build.0 = Debug|Any CPU
		{EF53BF72-34F6-4756-A217-7CBFBD52F3D4}.Release|Any CPU.ActiveCfg = Release|Any CPU
		{EF53BF72-34F6-4756-A217-7CBFBD52F3D4}.Release|Any CPU.Build.0 = Release|Any CPU
		{5B8D29D0-6DBE-4851-9C94-9E3CE2D6F0D6}.Debug|Any CPU.ActiveCfg = Debug|Any CPU
		{5B8D29D0-6DBE-4851-9C94-9E3CE2D6F0D6}.Debug|Any CPU.Build.0 = Debug|Any CPU
		{5B8D29D0-6DBE-4851-9C94-9E3CE2D6F0D6}.Release|Any CPU.ActiveCfg = Release|Any CPU
		{5B8D29D0-6DBE-4851-9C94-9E3CE2D6F0D6}.Release|Any CPU.Build.0 = Release|Any CPU
		{9092E9A7-7936-4A6F-ABC3-86947DF43640}.Debug|Any CPU.ActiveCfg = Debug|Any CPU
		{9092E9A7-7936-4A6F-ABC3-86947DF43640}.Debug|Any CPU.Build.0 = Debug|Any CPU
		{9092E9A7-7936-4A6F-ABC3-86947DF43640}.Release|Any CPU.ActiveCfg = Release|Any CPU
		{9092E9A7-7936-4A6F-ABC3-86947DF43640}.Release|Any CPU.Build.0 = Release|Any CPU
		{2C1F7E4A-8B3D-4A6E-9C5F-1D7A3E9B4C2F}.Debug|Any CPU.ActiveCfg = Debug|Any CPU
		{2C1F7E4A-8B3D-4A6E-9C5F-1D7A3E9B4C2F}.Debug|Any CPU.Build.0 = Debug|Any CPU
		{2C1F7E4A-8B3D-4A6E-9C5F-1D7A3E9B4C2F}.Release|Any CPU.ActiveCfg = Release|Any CPU
		{2C1F7E4A-8B3D-4A6E-9C5F-1D7A3E9B4C2F}.Release|Any CPU.Build.0 = Release|Any CPU
		{732B8292-0583-4C3B-8164-E6393C4550A0}.Debug|Any CPU.ActiveCfg = Debug|Any CPU
		{732B8292-0583-4C3B-8164-E6393C4550A0}.Debug|Any CPU.Build.0 = Debug|Any CPU
		{732B8292-0583-4C3B-8164-E6393C4550A0}.Release|Any CPU.ActiveCfg = Release|Any CPU
		{732B8292-0583-4C3B-8164-E6393C4550A0}.Release|Any CPU.Build.0 = Release|Any CPU
		{AAAF7DCD-4AB9-4F2A-9AFA-D9096827BC6D}.Debug|Any CPU.ActiveCfg = Debug|Any CPU
		{AAAF7DCD-4AB9-4F2A-9AFA-D9096827BC6D}.Debug|Any CPU.Build.0 = Debug|Any CPU
		{AAAF7DCD-4AB9-4F2A-9AFA-D9096827BC6D}.Release|Any CPU.ActiveCfg = Release|Any CPU
		{AAAF7DCD-4AB9-4F2A-9AFA-D9096827BC6D}.Release|Any CPU.Build.0 = Release|Any CPU
		{0AD0B20A-DD23-40D2-A449-3EE73B0FC6D6}.Debug|Any CPU.ActiveCfg = Debug|Any CPU
		{0AD0B20A-DD23-40D2-A449-3EE73B0FC6D6}.Debug|Any CPU.Build.0 = Debug|Any CPU
		{0AD0B20A-DD23-40D2-A449-3EE73B0FC6D6}.Release|Any CPU.ActiveCfg = Release|Any CPU
		{0AD0B20A-DD23-40D2-A449-3EE73B0FC6D6}.Release|Any CPU.Build.0 = Release|Any CPU
		{4D4694A8-973C-43E1-B41E-50A4493436E8}.Debug|Any CPU.ActiveCfg = Debug|Any CPU
		{4D4694A8-973C-43E1-B41E-50A4493436E8}.Debug|Any CPU.Build.0 = Debug|Any CPU
		{4D4694A8-973C-43E1-B41E-50A4493436E8}.Release|Any CPU.ActiveCfg = Release|Any CPU
		{4D4694A8-973C-43E1-B41E-50A4493436E8}.Release|Any CPU.Build.0 = Release|Any CPU
		{15844DA1-1D7D-402D-A159-B09F6F781015}.Debug|Any CPU.ActiveCfg = Debug|Any CPU
		{15844DA1-1D7D-402D-A159-B09F6F781015}.Debug|Any CPU.Build.0 = Debug|Any CPU
		{15844DA1-1D7D-402D-A159-B09F6F781015}.Release|Any CPU.ActiveCfg = Release|Any CPU
		{15844DA1-1D7D-402D-A159-B09F6F781015}.Release|Any CPU.Build.0 = Release|Any CPU
		{F9611691-59AF-453A-AA3B-7795A6294BE8}.Debug|Any CPU.ActiveCfg = Debug|Any CPU
		{F9611691-59AF-453A-AA3B-7795A6294BE8}.Debug|Any CPU.Build.0 = Debug|Any CPU
		{F9611691-59AF-453A-AA3B-7795A6294BE8}.Release|Any CPU.ActiveCfg = Release|Any CPU
		{F9611691-59AF-453A-AA3B-7795A6294BE8}.Release|Any CPU.Build.0 = Release|Any CPU
		{8D5EAE0C-32B8-43B7-B867-86BDB5F5B48D}.Debug|Any CPU.ActiveCfg = Debug|Any CPU
		{8D5EAE0C-32B8-43B7-B867-86BDB5F5B48D}.Debug|Any CPU.Build.0 = Debug|Any CPU
		{8D5EAE0C-32B8-43B7-B867-86BDB5F5B48D}.Release|Any CPU.ActiveCfg = Release|Any CPU
		{8D5EAE0C-32B8-43B7-B867-86BDB5F5B48D}.Release|Any CPU.Build.0 = Release|Any CPU
		{0E1BE3A6-1521-4133-9A7E-A63DB15FCAC6}.Debug|Any CPU.ActiveCfg = Debug|Any CPU
		{0E1BE3A6-1521-4133-9A7E-A63DB15FCAC6}.Debug|Any CPU.Build.0 = Debug|Any CPU
		{0E1BE3A6-1521-4133-9A7E-A63DB15FCAC6}.Release|Any CPU.ActiveCfg = Release|Any CPU
		{0E1BE3A6-1521-4133-9A7E-A63DB15FCAC6}.Release|Any CPU.Build.0 = Release|Any CPU
		{C9B69246-1755-4E96-A5EA-43C2BD59EB33}.Debug|Any CPU.ActiveCfg = Debug|Any CPU
		{C9B69246-1755-4E96-A5EA-43C2BD59EB33}.Debug|Any CPU.Build.0 = Debug|Any CPU
		{C9B69246-1755-4E96-A5EA-43C2BD59EB33}.Release|Any CPU.ActiveCfg = Release|Any CPU
		{C9B69246-1755-4E96-A5EA-43C2BD59EB33}.Release|Any CPU.Build.0 = Release|Any CPU
	EndGlobalSection
	GlobalSection(SolutionProperties) = preSolution
		HideSolutionNode = FALSE
	EndGlobalSection
	GlobalSection(ExtensibilityGlobals) = postSolution
		SolutionGuid = {D6CCF905-9D12-4223-B230-42918FC362CB}
	EndGlobalSection
EndGlobal
